{
	"name": "@wiris/mathtype-ckeditor5",
	"version": "7.17.1",
	"lockfileVersion": 1,
	"requires": true,
	"dependencies": {
		"@wiris/ckeditor5-mathml": {
			"version": "1.2.1",
			"resolved": "https://registry.npmjs.org/@wiris/ckeditor5-mathml/-/ckeditor5-mathml-1.2.1.tgz",
			"integrity": "sha512-5Z6M2C/9IzpvJQ/nZ6EN7SgK9EKogBmXLeC/9rkNQwjYofOEGImAX1nYfnSaoiwyCNIrNpQ6k8j8gv+0e1jRrg=="
		}
	}
}
